
Microsoft Visual Studio Solution File, Format Version 12.00
# Visual Studio 15
VisualStudioVersion = 15.0.27703.2018
MinimumVisualStudioVersion = 10.0.40219.1
Project("{8BC9CEB8-8B4A-11D0-8D11-00A0C91BC942}") = "SnakesNLadders", "SnakesNLadders\SnakesNLadders.vcxproj", "{FCE05F99-2DEC-408E-BC70-76F206E2BB0F}"
EndProject
Global
	GlobalSection(SolutionConfigurationPlatforms) = preSolution
		Debug|x64 = Debug|x64
		Debug|x86 = Debug|x86
		Release|x64 = Release|x64
		Release|x86 = Release|x86
	EndGlobalSection
	GlobalSection(ProjectConfigurationPlatforms) = postSolution
		{FCE05F99-2DEC-408E-BC70-76F206E2BB0F}.Debug|x64.ActiveCfg = Debug|x64
		{FCE05F99-2DEC-408E-BC70-76F206E2BB0F}.Debug|x64.Build.0 = Debug|x64
		{FCE05F99-2DEC-408E-BC70-76F206E2BB0F}.Debug|x86.ActiveCfg = Debug|Win32
		{FCE05F99-2DEC-408E-BC70-76F206E2BB0F}.Debug|x86.Build.0 = Debug|Win32
		{FCE05F99-2DEC-408E-BC70-76F206E2BB0F}.Release|x64.ActiveCfg = Release|x64
		{FCE05F99-2DEC-408E-BC70-76F206E2BB0F}.Release|x64.Build.0 = Release|x64
		{FCE05F99-2DEC-408E-BC70-76F206E2BB0F}.Release|x86.ActiveCfg = Release|Win32
		{FCE05F99-2DEC-408E-BC70-76F206E2BB0F}.Release|x86.Build.0 = Release|Win32
	EndGlobalSection
	GlobalSection(SolutionProperties) = preSolution
		HideSolutionNode = FALSE
	EndGlobalSection
	GlobalSection(ExtensibilityGlobals) = postSolution
		SolutionGuid = {B9C18BBE-1128-4AF1-A635-37207B1AEA29}
	EndGlobalSection
EndGlobal
